// !$*UTF8*$!
{
	archiveVersion = 1;
	classes = {
	};
	objectVersion = 55;
	objects = {

/* Begin PBXBuildFile section */
		AEEB3DAB27ADFC1A00FA80AF /* main.swift in Sources */ = {isa = PBXBuildFile; fileRef = AEEB3DAA27ADFC1A00FA80AF /* main.swift */; };
		AEEB3DB327ADFD6F00FA80AF /* ArgumentParser in Frameworks */ = {isa = PBXBuildFile; productRef = AEEB3DB227ADFD6F00FA80AF /* ArgumentParser */; };
		AEEB3DB627ADFDAF00FA80AF /* ReplicantSwift in Frameworks */ = {isa = PBXBuildFile; productRef = AEEB3DB527ADFDAF00FA80AF /* ReplicantSwift */; };
		AEEB3DB827ADFF8000FA80AF /* ClientConfig.swift in Sources */ = {isa = PBXBuildFile; fileRef = AEEB3DB727ADFF8000FA80AF /* ClientConfig.swift */; };
/* End PBXBuildFile section */

/* Begin PBXCopyFilesBuildPhase section */
		AEEB3DA527ADFC1A00FA80AF /* CopyFiles */ = {
			isa = PBXCopyFilesBuildPhase;
			buildActionMask = 2147483647;
			dstPath = /usr/share/man/man1/;
			dstSubfolderSpec = 0;
			files = (
			);
			runOnlyForDeploymentPostprocessing = 1;
		};
/* End PBXCopyFilesBuildPhase section */

/* Begin PBXFileReference section */
		AEEB3DA727ADFC1A00FA80AF /* ReplicantSwiftConfigGenerator */ = {isa = PBXFileReference; explicitFileType = "compiled.mach-o.executable"; includeInIndex = 0; path = ReplicantSwiftConfigGenerator; sourceTree = BUILT_PRODUCTS_DIR; };
		AEEB3DAA27ADFC1A00FA80AF /* main.swift */ = {isa = PBXFileReference; lastKnownFileType = sourcecode.swift; path = main.swift; sourceTree = "<group>"; };
		AEEB3DB727ADFF8000FA80AF /* ClientConfig.swift */ = {isa = PBXFileReference; lastKnownFileType = sourcecode.swift; path = ClientConfig.swift; sourceTree = "<group>"; };
/* End PBXFileReference section */

/* Begin PBXFrameworksBuildPhase section */
		AEEB3DA427ADFC1A00FA80AF /* Frameworks */ = {
			isa = PBXFrameworksBuildPhase;
			buildActionMask = 2147483647;
			files = (
				AEEB3DB327ADFD6F00FA80AF /* ArgumentParser in Frameworks */,
				AEEB3DB627ADFDAF00FA80AF /* ReplicantSwift in Frameworks */,
			);
			runOnlyForDeploymentPostprocessing = 0;
		};
/* End PBXFrameworksBuildPhase section */

/* Begin PBXGroup section */
		AEEB3D9E27ADFC1A00FA80AF = {
			isa = PBXGroup;
			children = (
				AEEB3DA927ADFC1A00FA80AF /* ReplicantSwiftConfigGenerator */,
				AEEB3DA827ADFC1A00FA80AF /* Products */,
			);
			sourceTree = "<group>";
		};
		AEEB3DA827ADFC1A00FA80AF /* Products */ = {
			isa = PBXGroup;
			children = (
				AEEB3DA727ADFC1A00FA80AF /* ReplicantSwiftConfigGenerator */,
			);
			name = Products;
			sourceTree = "<group>";
		};
		AEEB3DA927ADFC1A00FA80AF /* ReplicantSwiftConfigGenerator */ = {
			isa = PBXGroup;
			children = (
				AEEB3DAA27ADFC1A00FA80AF /* main.swift */,
				AEEB3DB727ADFF8000FA80AF /* ClientConfig.swift */,
			);
			path = ReplicantSwiftConfigGenerator;
			sourceTree = "<group>";
		};
/* End PBXGroup section */

/* Begin PBXNativeTarget section */
		AEEB3DA627ADFC1A00FA80AF /* ReplicantSwiftConfigGenerator */ = {
			isa = PBXNativeTarget;
			buildConfigurationList = AEEB3DAE27ADFC1A00FA80AF /* Build configuration list for PBXNativeTarget "ReplicantSwiftConfigGenerator" */;
			buildPhases = (
				AEEB3DA327ADFC1A00FA80AF /* Sources */,
				AEEB3DA427ADFC1A00FA80AF /* Frameworks */,
				AEEB3DA527ADFC1A00FA80AF /* CopyFiles */,
			);
			buildRules = (
			);
			dependencies = (
			);
			name = ReplicantSwiftConfigGenerator;
			packageProductDependencies = (
				AEEB3DB227ADFD6F00FA80AF /* ArgumentParser */,
				AEEB3DB527ADFDAF00FA80AF /* ReplicantSwift */,
			);
			productName = ReplicantSwiftConfigGenerator;
			productReference = AEEB3DA727ADFC1A00FA80AF /* ReplicantSwiftConfigGenerator */;
			productType = "com.apple.product-type.tool";
		};
/* End PBXNativeTarget section */

/* Begin PBXProject section */
		AEEB3D9F27ADFC1A00FA80AF /* Project object */ = {
			isa = PBXProject;
			attributes = {
				BuildIndependentTargetsInParallel = 1;
				LastSwiftUpdateCheck = 1310;
				LastUpgradeCheck = 1310;
				TargetAttributes = {
					AEEB3DA627ADFC1A00FA80AF = {
						CreatedOnToolsVersion = 13.1;
					};
				};
			};
			buildConfigurationList = AEEB3DA227ADFC1A00FA80AF /* Build configuration list for PBXProject "ReplicantSwiftConfigGenerator" */;
			compatibilityVersion = "Xcode 13.0";
			developmentRegion = en;
			hasScannedForEncodings = 0;
			knownRegions = (
				en,
				Base,
			);
			mainGroup = AEEB3D9E27ADFC1A00FA80AF;
			packageReferences = (
				AEEB3DB127ADFD6F00FA80AF /* XCRemoteSwiftPackageReference "swift-argument-parser" */,
				AEEB3DB427ADFDAF00FA80AF /* XCRemoteSwiftPackageReference "ReplicantSwift" */,
			);
			productRefGroup = AEEB3DA827ADFC1A00FA80AF /* Products */;
			projectDirPath = "";
			projectRoot = "";
			targets = (
				AEEB3DA627ADFC1A00FA80AF /* ReplicantSwiftConfigGenerator */,
			);
		};
/* End PBXProject section */

/* Begin PBXSourcesBuildPhase section */
		AEEB3DA327ADFC1A00FA80AF /* Sources */ = {
			isa = PBXSourcesBuildPhase;
			buildActionMask = 2147483647;
			files = (
				AEEB3DB827ADFF8000FA80AF /* ClientConfig.swift in Sources */,
				AEEB3DAB27ADFC1A00FA80AF /* main.swift in Sources */,
			);
			runOnlyForDeploymentPostprocessing = 0;
		};
/* End PBXSourcesBuildPhase section */

/* Begin XCBuildConfiguration section */
		AEEB3DAC27ADFC1A00FA80AF /* Debug */ = {
			isa = XCBuildConfiguration;
			buildSettings = {
				ALWAYS_SEARCH_USER_PATHS = NO;
				CLANG_ANALYZER_NONNULL = YES;
				CLANG_ANALYZER_NUMBER_OBJECT_CONVERSION = YES_AGGRESSIVE;
				CLANG_CXX_LANGUAGE_STANDARD = "gnu++17";
				CLANG_CXX_LIBRARY = "libc++";
				CLANG_ENABLE_MODULES = YES;
				CLANG_ENABLE_OBJC_ARC = YES;
				CLANG_ENABLE_OBJC_WEAK = YES;
				CLANG_WARN_BLOCK_CAPTURE_AUTORELEASING = YES;
				CLANG_WARN_BOOL_CONVERSION = YES;
				CLANG_WARN_COMMA = YES;
				CLANG_WARN_CONSTANT_CONVERSION = YES;
				CLANG_WARN_DEPRECATED_OBJC_IMPLEMENTATIONS = YES;
				CLANG_WARN_DIRECT_OBJC_ISA_USAGE = YES_ERROR;
				CLANG_WARN_DOCUMENTATION_COMMENTS = YES;
				CLANG_WARN_EMPTY_BODY = YES;
				CLANG_WARN_ENUM_CONVERSION = YES;
				CLANG_WARN_INFINITE_RECURSION = YES;
				CLANG_WARN_INT_CONVERSION = YES;
				CLANG_WARN_NON_LITERAL_NULL_CONVERSION = YES;
				CLANG_WARN_OBJC_IMPLICIT_RETAIN_SELF = YES;
				CLANG_WARN_OBJC_LITERAL_CONVERSION = YES;
				CLANG_WARN_OBJC_ROOT_CLASS = YES_ERROR;
				CLANG_WARN_QUOTED_INCLUDE_IN_FRAMEWORK_HEADER = YES;
				CLANG_WARN_RANGE_LOOP_ANALYSIS = YES;
				CLANG_WARN_STRICT_PROTOTYPES = YES;
				CLANG_WARN_SUSPICIOUS_MOVE = YES;
				CLANG_WARN_UNGUARDED_AVAILABILITY = YES_AGGRESSIVE;
				CLANG_WARN_UNREACHABLE_CODE = YES;
				CLANG_WARN__DUPLICATE_METHOD_MATCH = YES;
				COPY_PHASE_STRIP = NO;
				DEBUG_INFORMATION_FORMAT = dwarf;
				ENABLE_STRICT_OBJC_MSGSEND = YES;
				ENABLE_TESTABILITY = YES;
				GCC_C_LANGUAGE_STANDARD = gnu11;
				GCC_DYNAMIC_NO_PIC = NO;
				GCC_NO_COMMON_BLOCKS = YES;
				GCC_OPTIMIZATION_LEVEL = 0;
				GCC_PREPROCESSOR_DEFINITIONS = (
					"DEBUG=1",
					"$(inherited)",
				);
				GCC_WARN_64_TO_32_BIT_CONVERSION = YES;
				GCC_WARN_ABOUT_RETURN_TYPE = YES_ERROR;
				GCC_WARN_UNDECLARED_SELECTOR = YES;
				GCC_WARN_UNINITIALIZED_AUTOS = YES_AGGRESSIVE;
				GCC_WARN_UNUSED_FUNCTION = YES;
				GCC_WARN_UNUSED_VARIABLE = YES;
				MACOSX_DEPLOYMENT_TARGET = 12.0;
				MTL_ENABLE_DEBUG_INFO = INCLUDE_SOURCE;
				MTL_FAST_MATH = YES;
				ONLY_ACTIVE_ARCH = YES;
				SDKROOT = macosx;
				SWIFT_ACTIVE_COMPILATION_CONDITIONS = DEBUG;
				SWIFT_OPTIMIZATION_LEVEL = "-Onone";
			};
			name = Debug;
		};
		AEEB3DAD27ADFC1A00FA80AF /* Release */ = {
			isa = XCBuildConfiguration;
			buildSettings = {
				ALWAYS_SEARCH_USER_PATHS = NO;
				CLANG_ANALYZER_NONNULL = YES;
				CLANG_ANALYZER_NUMBER_OBJECT_CONVERSION = YES_AGGRESSIVE;
				CLANG_CXX_LANGUAGE_STANDARD = "gnu++17";
				CLANG_CXX_LIBRARY = "libc++";
				CLANG_ENABLE_MODULES = YES;
				CLANG_ENABLE_OBJC_ARC = YES;
				CLANG_ENABLE_OBJC_WEAK = YES;
				CLANG_WARN_BLOCK_CAPTURE_AUTORELEASING = YES;
				CLANG_WARN_BOOL_CONVERSION = YES;
				CLANG_WARN_COMMA = YES;
				CLANG_WARN_CONSTANT_CONVERSION = YES;
				CLANG_WARN_DEPRECATED_OBJC_IMPLEMENTATIONS = YES;
				CLANG_WARN_DIRECT_OBJC_ISA_USAGE = YES_ERROR;
				CLANG_WARN_DOCUMENTATION_COMMENTS = YES;
				CLANG_WARN_EMPTY_BODY = YES;
				CLANG_WARN_ENUM_CONVERSION = YES;
				CLANG_WARN_INFINITE_RECURSION = YES;
				CLANG_WARN_INT_CONVERSION = YES;
				CLANG_WARN_NON_LITERAL_NULL_CONVERSION = YES;
				CLANG_WARN_OBJC_IMPLICIT_RETAIN_SELF = YES;
				CLANG_WARN_OBJC_LITERAL_CONVERSION = YES;
				CLANG_WARN_OBJC_ROOT_CLASS = YES_ERROR;
				CLANG_WARN_QUOTED_INCLUDE_IN_FRAMEWORK_HEADER = YES;
				CLANG_WARN_RANGE_LOOP_ANALYSIS = YES;
				CLANG_WARN_STRICT_PROTOTYPES = YES;
				CLANG_WARN_SUSPICIOUS_MOVE = YES;
				CLANG_WARN_UNGUARDED_AVAILABILITY = YES_AGGRESSIVE;
				CLANG_WARN_UNREACHABLE_CODE = YES;
				CLANG_WARN__DUPLICATE_METHOD_MATCH = YES;
				COPY_PHASE_STRIP = NO;
				DEBUG_INFORMATION_FORMAT = "dwarf-with-dsym";
				ENABLE_NS_ASSERTIONS = NO;
				ENABLE_STRICT_OBJC_MSGSEND = YES;
				GCC_C_LANGUAGE_STANDARD = gnu11;
				GCC_NO_COMMON_BLOCKS = YES;
				GCC_WARN_64_TO_32_BIT_CONVERSION = YES;
				GCC_WARN_ABOUT_RETURN_TYPE = YES_ERROR;
				GCC_WARN_UNDECLARED_SELECTOR = YES;
				GCC_WARN_UNINITIALIZED_AUTOS = YES_AGGRESSIVE;
				GCC_WARN_UNUSED_FUNCTION = YES;
				GCC_WARN_UNUSED_VARIABLE = YES;
				MACOSX_DEPLOYMENT_TARGET = 12.0;
				MTL_ENABLE_DEBUG_INFO = NO;
				MTL_FAST_MATH = YES;
				SDKROOT = macosx;
				SWIFT_COMPILATION_MODE = wholemodule;
				SWIFT_OPTIMIZATION_LEVEL = "-O";
			};
			name = Release;
		};
		AEEB3DAF27ADFC1A00FA80AF /* Debug */ = {
			isa = XCBuildConfiguration;
			buildSettings = {
				CODE_SIGN_STYLE = Automatic;
				DEVELOPMENT_TEAM = 67Y4NSLDQ3;
				ENABLE_HARDENED_RUNTIME = YES;
				PRODUCT_NAME = "$(TARGET_NAME)";
				SWIFT_VERSION = 5.0;
			};
			name = Debug;
		};
		AEEB3DB027ADFC1A00FA80AF /* Release */ = {
			isa = XCBuildConfiguration;
			buildSettings = {
				CODE_SIGN_STYLE = Automatic;
				DEVELOPMENT_TEAM = 67Y4NSLDQ3;
				ENABLE_HARDENED_RUNTIME = YES;
				PRODUCT_NAME = "$(TARGET_NAME)";
				SWIFT_VERSION = 5.0;
			};
			name = Release;
		};
/* End XCBuildConfiguration section */

/* Begin XCConfigurationList section */
		AEEB3DA227ADFC1A00FA80AF /* Build configuration list for PBXProject "ReplicantSwiftConfigGenerator" */ = {
			isa = XCConfigurationList;
			buildConfigurations = (
				AEEB3DAC27ADFC1A00FA80AF /* Debug */,
				AEEB3DAD27ADFC1A00FA80AF /* Release */,
			);
			defaultConfigurationIsVisible = 0;
			defaultConfigurationName = Release;
		};
		AEEB3DAE27ADFC1A00FA80AF /* Build configuration list for PBXNativeTarget "ReplicantSwiftConfigGenerator" */ = {
			isa = XCConfigurationList;
			buildConfigurations = (
				AEEB3DAF27ADFC1A00FA80AF /* Debug */,
				AEEB3DB027ADFC1A00FA80AF /* Release */,
			);
			defaultConfigurationIsVisible = 0;
			defaultConfigurationName = Release;
		};
/* End XCConfigurationList section */

/* Begin XCRemoteSwiftPackageReference section */
		AEEB3DB127ADFD6F00FA80AF /* XCRemoteSwiftPackageReference "swift-argument-parser" */ = {
			isa = XCRemoteSwiftPackageReference;
			repositoryURL = "https://github.com/apple/swift-argument-parser.git";
			requirement = {
				kind = upToNextMajorVersion;
				minimumVersion = 1.0.0;
			};
		};
		AEEB3DB427ADFDAF00FA80AF /* XCRemoteSwiftPackageReference "ReplicantSwift" */ = {
			isa = XCRemoteSwiftPackageReference;
			repositoryURL = "https://github.com/OperatorFoundation/ReplicantSwift.git";
			requirement = {
				branch = main;
				kind = branch;
			};
		};
/* End XCRemoteSwiftPackageReference section */

/* Begin XCSwiftPackageProductDependency section */
		AEEB3DB227ADFD6F00FA80AF /* ArgumentParser */ = {
			isa = XCSwiftPackageProductDependency;
			package = AEEB3DB127ADFD6F00FA80AF /* XCRemoteSwiftPackageReference "swift-argument-parser" */;
			productName = ArgumentParser;
		};
		AEEB3DB527ADFDAF00FA80AF /* ReplicantSwift */ = {
			isa = XCSwiftPackageProductDependency;
			package = AEEB3DB427ADFDAF00FA80AF /* XCRemoteSwiftPackageReference "ReplicantSwift" */;
			productName = ReplicantSwift;
		};
/* End XCSwiftPackageProductDependency section */
	};
	rootObject = AEEB3D9F27ADFC1A00FA80AF /* Project object */;
}
